github.com/dkolbly/wl v0.0.0-20180220001605-b06f57e7e2e6 h1:boaySJl2jhPwf+lSBRugRERVEZ0ovAwppOBx73P6zoM=
github.com/dkolbly/wl v0.0.0-20180220001605-b06f57e7e2e6/go.mod h1:fUuzU55URBTyjoKP2pYoAoeZd1SvdjJP4IkYoT21xZg=
github.com/godbus/dbus/v5 v5.1.0 h1:4KLkAxT3aOY8Li4FRJe/KvhoNFFxo0m6fNuFUO8QJUk=
github.com/godbus/dbus/v5 v5.1.0/go.mod h1:xhWf0FNVPg57R7Z0UbKHbJfkEywrmjJnf7w5xrFpKfA=
golang.org/x/net v0.38.0 h1:vRMAPTMaeGqVhG5QyLJHqNDwecKTomGeqbnfZyKlBI8=
golang.org/x/net v0.38.0/go.mod h1:ivrbrMbzFq5J41QOQh0siUuly180yBYtLp+CKbEaFx8=
